// !$*UTF8*$!
{
	archiveVersion = 1;
	classes = {
	};
	objectVersion = 55;
	objects = {

/* Begin PBXBuildFile section */
		5022B5B92708777600B2F2FE /* AppDelegate.m in Sources */ = {isa = PBXBuildFile; fileRef = 5022B5B82708777600B2F2FE /* AppDelegate.m */; };
		5022B5BC2708777600B2F2FE /* DocumentBrowserViewController.m in Sources */ = {isa = PBXBuildFile; fileRef = 5022B5BB2708777600B2F2FE /* DocumentBrowserViewController.m */; };
		5022B5BF2708777600B2F2FE /* DocumentViewController.m in Sources */ = {isa = PBXBuildFile; fileRef = 5022B5BE2708777600B2F2FE /* DocumentViewController.m */; };
		5022B5C22708777600B2F2FE /* Document.m in Sources */ = {isa = PBXBuildFile; fileRef = 5022B5C12708777600B2F2FE /* Document.m */; };
		5022B5C52708777600B2F2FE /* Main.storyboard in Resources */ = {isa = PBXBuildFile; fileRef = 5022B5C32708777600B2F2FE /* Main.storyboard */; };
		5022B5C72708777900B2F2FE /* Assets.xcassets in Resources */ = {isa = PBXBuildFile; fileRef = 5022B5C62708777900B2F2FE /* Assets.xcassets */; };
		5022B5CA2708777900B2F2FE /* LaunchScreen.storyboard in Resources */ = {isa = PBXBuildFile; fileRef = 5022B5C82708777900B2F2FE /* LaunchScreen.storyboard */; };
		5022B5CD2708777900B2F2FE /* main.m in Sources */ = {isa = PBXBuildFile; fileRef = 5022B5CC2708777900B2F2FE /* main.m */; };
		5022B5D72708777900B2F2FE /* MyAppTests.m in Sources */ = {isa = PBXBuildFile; fileRef = 5022B5D62708777900B2F2FE /* MyAppTests.m */; };
		5022B5E12708777900B2F2FE /* MyAppUITests.m in Sources */ = {isa = PBXBuildFile; fileRef = 5022B5E02708777900B2F2FE /* MyAppUITests.m */; };
		5022B5E32708777900B2F2FE /* MyAppUITestsLaunchTests.m in Sources */ = {isa = PBXBuildFile; fileRef = 5022B5E22708777900B2F2FE /* MyAppUITestsLaunchTests.m */; };
/* End PBXBuildFile section */

/* Begin PBXContainerItemProxy section */
		5022B5D32708777900B2F2FE /* PBXContainerItemProxy */ = {
			isa = PBXContainerItemProxy;
			containerPortal = 5022B5AC2708777600B2F2FE /* Project object */;
			proxyType = 1;
			remoteGlobalIDString = 5022B5B32708777600B2F2FE;
			remoteInfo = MyApp;
		};
		5022B5DD2708777900B2F2FE /* PBXContainerItemProxy */ = {
			isa = PBXContainerItemProxy;
			containerPortal = 5022B5AC2708777600B2F2FE /* Project object */;
			proxyType = 1;
			remoteGlobalIDString = 5022B5B32708777600B2F2FE;
			remoteInfo = MyApp;
		};
/* End PBXContainerItemProxy section */

/* Begin PBXFileReference section */
		5022B5B42708777600B2F2FE /* MyApp.app */ = {isa = PBXFileReference; explicitFileType = wrapper.application; includeInIndex = 0; path = MyApp.app; sourceTree = BUILT_PRODUCTS_DIR; };
		5022B5B72708777600B2F2FE /* AppDelegate.h */ = {isa = PBXFileReference; lastKnownFileType = sourcecode.c.h; path = AppDelegate.h; sourceTree = "<group>"; };
		5022B5B82708777600B2F2FE /* AppDelegate.m */ = {isa = PBXFileReference; lastKnownFileType = sourcecode.c.objc; path = AppDelegate.m; sourceTree = "<group>"; };
		5022B5BA2708777600B2F2FE /* DocumentBrowserViewController.h */ = {isa = PBXFileReference; lastKnownFileType = sourcecode.c.h; path = DocumentBrowserViewController.h; sourceTree = "<group>"; };
		5022B5BB2708777600B2F2FE /* DocumentBrowserViewController.m */ = {isa = PBXFileReference; lastKnownFileType = sourcecode.c.objc; path = DocumentBrowserViewController.m; sourceTree = "<group>"; };
		5022B5BD2708777600B2F2FE /* DocumentViewController.h */ = {isa = PBXFileReference; lastKnownFileType = sourcecode.c.h; path = DocumentViewController.h; sourceTree = "<group>"; };
		5022B5BE2708777600B2F2FE /* DocumentViewController.m */ = {isa = PBXFileReference; lastKnownFileType = sourcecode.c.objc; path = DocumentViewController.m; sourceTree = "<group>"; };
		5022B5C02708777600B2F2FE /* Document.h */ = {isa = PBXFileReference; lastKnownFileType = sourcecode.c.h; path = Document.h; sourceTree = "<group>"; };
		5022B5C12708777600B2F2FE /* Document.m */ = {isa = PBXFileReference; lastKnownFileType = sourcecode.c.objc; path = Document.m; sourceTree = "<group>"; };
		5022B5C42708777600B2F2FE /* Base */ = {isa = PBXFileReference; lastKnownFileType = file.storyboard; name = Base; path = Base.lproj/Main.storyboard; sourceTree = "<group>"; };
		5022B5C62708777900B2F2FE /* Assets.xcassets */ = {isa = PBXFileReference; lastKnownFileType = folder.assetcatalog; path = Assets.xcassets; sourceTree = "<group>"; };
		5022B5C92708777900B2F2FE /* Base */ = {isa = PBXFileReference; lastKnownFileType = file.storyboard; name = Base; path = Base.lproj/LaunchScreen.storyboard; sourceTree = "<group>"; };
		5022B5CB2708777900B2F2FE /* Info.plist */ = {isa = PBXFileReference; lastKnownFileType = text.plist.xml; path = Info.plist; sourceTree = "<group>"; };
		5022B5CC2708777900B2F2FE /* main.m */ = {isa = PBXFileReference; lastKnownFileType = sourcecode.c.objc; path = main.m; sourceTree = "<group>"; };
		5022B5D22708777900B2F2FE /* MyAppTests.xctest */ = {isa = PBXFileReference; explicitFileType = wrapper.cfbundle; includeInIndex = 0; path = MyAppTests.xctest; sourceTree = BUILT_PRODUCTS_DIR; };
		5022B5D62708777900B2F2FE /* MyAppTests.m */ = {isa = PBXFileReference; lastKnownFileType = sourcecode.c.objc; path = MyAppTests.m; sourceTree = "<group>"; };
		5022B5DC2708777900B2F2FE /* MyAppUITests.xctest */ = {isa = PBXFileReference; explicitFileType = wrapper.cfbundle; includeInIndex = 0; path = MyAppUITests.xctest; sourceTree = BUILT_PRODUCTS_DIR; };
		5022B5E02708777900B2F2FE /* MyAppUITests.m */ = {isa = PBXFileReference; lastKnownFileType = sourcecode.c.objc; path = MyAppUITests.m; sourceTree = "<group>"; };
		5022B5E22708777900B2F2FE /* MyAppUITestsLaunchTests.m */ = {isa = PBXFileReference; lastKnownFileType = sourcecode.c.objc; path = MyAppUITestsLaunchTests.m; sourceTree = "<group>"; };
/* End PBXFileReference section */

/* Begin PBXFrameworksBuildPhase section */
		5022B5B12708777600B2F2FE /* Frameworks */ = {
			isa = PBXFrameworksBuildPhase;
			buildActionMask = 2147483647;
			files = (
			);
			runOnlyForDeploymentPostprocessing = 0;
		};
		5022B5CF2708777900B2F2FE /* Frameworks */ = {
			isa = PBXFrameworksBuildPhase;
			buildActionMask = 2147483647;
			files = (
			);
			runOnlyForDeploymentPostprocessing = 0;
		};
		5022B5D92708777900B2F2FE /* Frameworks */ = {
			isa = PBXFrameworksBuildPhase;
			buildActionMask = 2147483647;
			files = (
			);
			runOnlyForDeploymentPostprocessing = 0;
		};
/* End PBXFrameworksBuildPhase section */

/* Begin PBXGroup section */
		5022B5AB2708777600B2F2FE = {
			isa = PBXGroup;
			children = (
				5022B5B62708777600B2F2FE /* MyApp */,
				5022B5D52708777900B2F2FE /* MyAppTests */,
				5022B5DF2708777900B2F2FE /* MyAppUITests */,
				5022B5B52708777600B2F2FE /* Products */,
			);
			sourceTree = "<group>";
		};
		5022B5B52708777600B2F2FE /* Products */ = {
			isa = PBXGroup;
			children = (
				5022B5B42708777600B2F2FE /* MyApp.app */,
				5022B5D22708777900B2F2FE /* MyAppTests.xctest */,
				5022B5DC2708777900B2F2FE /* MyAppUITests.xctest */,
			);
			name = Products;
			sourceTree = "<group>";
		};
		5022B5B62708777600B2F2FE /* MyApp */ = {
			isa = PBXGroup;
			children = (
				5022B5B72708777600B2F2FE /* AppDelegate.h */,
				5022B5B82708777600B2F2FE /* AppDelegate.m */,
				5022B5BA2708777600B2F2FE /* DocumentBrowserViewController.h */,
				5022B5BB2708777600B2F2FE /* DocumentBrowserViewController.m */,
				5022B5BD2708777600B2F2FE /* DocumentViewController.h */,
				5022B5BE2708777600B2F2FE /* DocumentViewController.m */,
				5022B5C02708777600B2F2FE /* Document.h */,
				5022B5C12708777600B2F2FE /* Document.m */,
				5022B5C32708777600B2F2FE /* Main.storyboard */,
				5022B5C62708777900B2F2FE /* Assets.xcassets */,
				5022B5C82708777900B2F2FE /* LaunchScreen.storyboard */,
				5022B5CB2708777900B2F2FE /* Info.plist */,
				5022B5CC2708777900B2F2FE /* main.m */,
			);
			path = MyApp;
			sourceTree = "<group>";
		};
		5022B5D52708777900B2F2FE /* MyAppTests */ = {
			isa = PBXGroup;
			children = (
				5022B5D62708777900B2F2FE /* MyAppTests.m */,
			);
			path = MyAppTests;
			sourceTree = "<group>";
		};
		5022B5DF2708777900B2F2FE /* MyAppUITests */ = {
			isa = PBXGroup;
			children = (
				5022B5E02708777900B2F2FE /* MyAppUITests.m */,
				5022B5E22708777900B2F2FE /* MyAppUITestsLaunchTests.m */,
			);
			path = MyAppUITests;
			sourceTree = "<group>";
		};
/* End PBXGroup section */

/* Begin PBXNativeTarget section */
		5022B5B32708777600B2F2FE /* MyApp */ = {
			isa = PBXNativeTarget;
			buildConfigurationList = 5022B5E62708777900B2F2FE /* Build configuration list for PBXNativeTarget "MyApp" */;
			buildPhases = (
				5022B5B02708777600B2F2FE /* Sources */,
				5022B5B12708777600B2F2FE /* Frameworks */,
				5022B5B22708777600B2F2FE /* Resources */,
			);
			buildRules = (
			);
			dependencies = (
			);
			name = MyApp;
			productName = MyApp;
			productReference = 5022B5B42708777600B2F2FE /* MyApp.app */;
			productType = "com.apple.product-type.application";
		};
		5022B5D12708777900B2F2FE /* MyAppTests */ = {
			isa = PBXNativeTarget;
			buildConfigurationList = 5022B5E92708777900B2F2FE /* Build configuration list for PBXNativeTarget "MyAppTests" */;
			buildPhases = (
				5022B5CE2708777900B2F2FE /* Sources */,
				5022B5CF2708777900B2F2FE /* Frameworks */,
				5022B5D02708777900B2F2FE /* Resources */,
			);
			buildRules = (
			);
			dependencies = (
				5022B5D42708777900B2F2FE /* PBXTargetDependency */,
			);
			name = MyAppTests;
			productName = MyAppTests;
			productReference = 5022B5D22708777900B2F2FE /* MyAppTests.xctest */;
			productType = "com.apple.product-type.bundle.unit-test";
		};
		5022B5DB2708777900B2F2FE /* MyAppUITests */ = {
			isa = PBXNativeTarget;
			buildConfigurationList = 5022B5EC2708777900B2F2FE /* Build configuration list for PBXNativeTarget "MyAppUITests" */;
			buildPhases = (
				5022B5D82708777900B2F2FE /* Sources */,
				5022B5D92708777900B2F2FE /* Frameworks */,
				5022B5DA2708777900B2F2FE /* Resources */,
			);
			buildRules = (
			);
			dependencies = (
				5022B5DE2708777900B2F2FE /* PBXTargetDependency */,
			);
			name = MyAppUITests;
			productName = MyAppUITests;
			productReference = 5022B5DC2708777900B2F2FE /* MyAppUITests.xctest */;
			productType = "com.apple.product-type.bundle.ui-testing";
		};
/* End PBXNativeTarget section */

/* Begin PBXProject section */
		5022B5AC2708777600B2F2FE /* Project object */ = {
			isa = PBXProject;
			attributes = {
				BuildIndependentTargetsInParallel = 1;
				LastUpgradeCheck = 1300;
				TargetAttributes = {
					5022B5B32708777600B2F2FE = {
						CreatedOnToolsVersion = 13.0;
					};
					5022B5D12708777900B2F2FE = {
						CreatedOnToolsVersion = 13.0;
						TestTargetID = 5022B5B32708777600B2F2FE;
					};
					5022B5DB2708777900B2F2FE = {
						CreatedOnToolsVersion = 13.0;
						TestTargetID = 5022B5B32708777600B2F2FE;
					};
				};
			};
			buildConfigurationList = 5022B5AF2708777600B2F2FE /* Build configuration list for PBXProject "MyApp" */;
			compatibilityVersion = "Xcode 13.0";
			developmentRegion = en;
			hasScannedForEncodings = 0;
			knownRegions = (
				en,
				Base,
			);
			mainGroup = 5022B5AB2708777600B2F2FE;
			productRefGroup = 5022B5B52708777600B2F2FE /* Products */;
			projectDirPath = "";
			projectRoot = "";
			targets = (
				5022B5B32708777600B2F2FE /* MyApp */,
				5022B5D12708777900B2F2FE /* MyAppTests */,
				5022B5DB2708777900B2F2FE /* MyAppUITests */,
			);
		};
/* End PBXProject section */

/* Begin PBXResourcesBuildPhase section */
		5022B5B22708777600B2F2FE /* Resources */ = {
			isa = PBXResourcesBuildPhase;
			buildActionMask = 2147483647;
			files = (
				5022B5CA2708777900B2F2FE /* LaunchScreen.storyboard in Resources */,
				5022B5C72708777900B2F2FE /* Assets.xcassets in Resources */,
				5022B5C52708777600B2F2FE /* Main.storyboard in Resources */,
			);
			runOnlyForDeploymentPostprocessing = 0;
		};
		5022B5D02708777900B2F2FE /* Resources */ = {
			isa = PBXResourcesBuildPhase;
			buildActionMask = 2147483647;
			files = (
			);
			runOnlyForDeploymentPostprocessing = 0;
		};
		5022B5DA2708777900B2F2FE /* Resources */ = {
			isa = PBXResourcesBuildPhase;
			buildActionMask = 2147483647;
			files = (
			);
			runOnlyForDeploymentPostprocessing = 0;
		};
/* End PBXResourcesBuildPhase section */

/* Begin PBXSourcesBuildPhase section */
		5022B5B02708777600B2F2FE /* Sources */ = {
			isa = PBXSourcesBuildPhase;
			buildActionMask = 2147483647;
			files = (
				5022B5CD2708777900B2F2FE /* main.m in Sources */,
				5022B5C22708777600B2F2FE /* Document.m in Sources */,
				5022B5BC2708777600B2F2FE /* DocumentBrowserViewController.m in Sources */,
				5022B5BF2708777600B2F2FE /* DocumentViewController.m in Sources */,
				5022B5B92708777600B2F2FE /* AppDelegate.m in Sources */,
			);
			runOnlyForDeploymentPostprocessing = 0;
		};
		5022B5CE2708777900B2F2FE /* Sources */ = {
			isa = PBXSourcesBuildPhase;
			buildActionMask = 2147483647;
			files = (
				5022B5D72708777900B2F2FE /* MyAppTests.m in Sources */,
			);
			runOnlyForDeploymentPostprocessing = 0;
		};
		5022B5D82708777900B2F2FE /* Sources */ = {
			isa = PBXSourcesBuildPhase;
			buildActionMask = 2147483647;
			files = (
				5022B5E32708777900B2F2FE /* MyAppUITestsLaunchTests.m in Sources */,
				5022B5E12708777900B2F2FE /* MyAppUITests.m in Sources */,
			);
			runOnlyForDeploymentPostprocessing = 0;
		};
/* End PBXSourcesBuildPhase section */

/* Begin PBXTargetDependency section */
		5022B5D42708777900B2F2FE /* PBXTargetDependency */ = {
			isa = PBXTargetDependency;
			target = 5022B5B32708777600B2F2FE /* MyApp */;
			targetProxy = 5022B5D32708777900B2F2FE /* PBXContainerItemProxy */;
		};
		5022B5DE2708777900B2F2FE /* PBXTargetDependency */ = {
			isa = PBXTargetDependency;
			target = 5022B5B32708777600B2F2FE /* MyApp */;
			targetProxy = 5022B5DD2708777900B2F2FE /* PBXContainerItemProxy */;
		};
/* End PBXTargetDependency section */

/* Begin PBXVariantGroup section */
		5022B5C32708777600B2F2FE /* Main.storyboard */ = {
			isa = PBXVariantGroup;
			children = (
				5022B5C42708777600B2F2FE /* Base */,
			);
			name = Main.storyboard;
			sourceTree = "<group>";
		};
		5022B5C82708777900B2F2FE /* LaunchScreen.storyboard */ = {
			isa = PBXVariantGroup;
			children = (
				5022B5C92708777900B2F2FE /* Base */,
			);
			name = LaunchScreen.storyboard;
			sourceTree = "<group>";
		};
/* End PBXVariantGroup section */

/* Begin XCBuildConfiguration section */
		5022B5E42708777900B2F2FE /* Debug */ = {
			isa = XCBuildConfiguration;
			buildSettings = {
				ALWAYS_SEARCH_USER_PATHS = NO;
				CLANG_ANALYZER_NONNULL = YES;
				CLANG_ANALYZER_NUMBER_OBJECT_CONVERSION = YES_AGGRESSIVE;
				CLANG_CXX_LANGUAGE_STANDARD = "gnu++17";
				CLANG_CXX_LIBRARY = "libc++";
				CLANG_ENABLE_MODULES = YES;
				CLANG_ENABLE_OBJC_ARC = YES;
				CLANG_ENABLE_OBJC_WEAK = YES;
				CLANG_WARN_BLOCK_CAPTURE_AUTORELEASING = YES;
				CLANG_WARN_BOOL_CONVERSION = YES;
				CLANG_WARN_COMMA = YES;
				CLANG_WARN_CONSTANT_CONVERSION = YES;
				CLANG_WARN_DEPRECATED_OBJC_IMPLEMENTATIONS = YES;
				CLANG_WARN_DIRECT_OBJC_ISA_USAGE = YES_ERROR;
				CLANG_WARN_DOCUMENTATION_COMMENTS = YES;
				CLANG_WARN_EMPTY_BODY = YES;
				CLANG_WARN_ENUM_CONVERSION = YES;
				CLANG_WARN_INFINITE_RECURSION = YES;
				CLANG_WARN_INT_CONVERSION = YES;
				CLANG_WARN_NON_LITERAL_NULL_CONVERSION = YES;
				CLANG_WARN_OBJC_IMPLICIT_RETAIN_SELF = YES;
				CLANG_WARN_OBJC_LITERAL_CONVERSION = YES;
				CLANG_WARN_OBJC_ROOT_CLASS = YES_ERROR;
				CLANG_WARN_QUOTED_INCLUDE_IN_FRAMEWORK_HEADER = YES;
				CLANG_WARN_RANGE_LOOP_ANALYSIS = YES;
				CLANG_WARN_STRICT_PROTOTYPES = YES;
				CLANG_WARN_SUSPICIOUS_MOVE = YES;
				CLANG_WARN_UNGUARDED_AVAILABILITY = YES_AGGRESSIVE;
				CLANG_WARN_UNREACHABLE_CODE = YES;
				CLANG_WARN__DUPLICATE_METHOD_MATCH = YES;
				COPY_PHASE_STRIP = NO;
				DEBUG_INFORMATION_FORMAT = dwarf;
				ENABLE_STRICT_OBJC_MSGSEND = YES;
				ENABLE_TESTABILITY = YES;
				GCC_C_LANGUAGE_STANDARD = gnu11;
				GCC_DYNAMIC_NO_PIC = NO;
				GCC_NO_COMMON_BLOCKS = YES;
				GCC_OPTIMIZATION_LEVEL = 0;
				GCC_PREPROCESSOR_DEFINITIONS = (
					"DEBUG=1",
					"$(inherited)",
				);
				GCC_WARN_64_TO_32_BIT_CONVERSION = YES;
				GCC_WARN_ABOUT_RETURN_TYPE = YES_ERROR;
				GCC_WARN_UNDECLARED_SELECTOR = YES;
				GCC_WARN_UNINITIALIZED_AUTOS = YES_AGGRESSIVE;
				GCC_WARN_UNUSED_FUNCTION = YES;
				GCC_WARN_UNUSED_VARIABLE = YES;
				IPHONEOS_DEPLOYMENT_TARGET = 15.0;
				MTL_ENABLE_DEBUG_INFO = INCLUDE_SOURCE;
				MTL_FAST_MATH = YES;
				ONLY_ACTIVE_ARCH = YES;
				SDKROOT = iphoneos;
			};
			name = Debug;
		};
		5022B5E52708777900B2F2FE /* Release */ = {
			isa = XCBuildConfiguration;
			buildSettings = {
				ALWAYS_SEARCH_USER_PATHS = NO;
				CLANG_ANALYZER_NONNULL = YES;
				CLANG_ANALYZER_NUMBER_OBJECT_CONVERSION = YES_AGGRESSIVE;
				CLANG_CXX_LANGUAGE_STANDARD = "gnu++17";
				CLANG_CXX_LIBRARY = "libc++";
				CLANG_ENABLE_MODULES = YES;
				CLANG_ENABLE_OBJC_ARC = YES;
				CLANG_ENABLE_OBJC_WEAK = YES;
				CLANG_WARN_BLOCK_CAPTURE_AUTORELEASING = YES;
				CLANG_WARN_BOOL_CONVERSION = YES;
				CLANG_WARN_COMMA = YES;
				CLANG_WARN_CONSTANT_CONVERSION = YES;
				CLANG_WARN_DEPRECATED_OBJC_IMPLEMENTATIONS = YES;
				CLANG_WARN_DIRECT_OBJC_ISA_USAGE = YES_ERROR;
				CLANG_WARN_DOCUMENTATION_COMMENTS = YES;
				CLANG_WARN_EMPTY_BODY = YES;
				CLANG_WARN_ENUM_CONVERSION = YES;
				CLANG_WARN_INFINITE_RECURSION = YES;
				CLANG_WARN_INT_CONVERSION = YES;
				CLANG_WARN_NON_LITERAL_NULL_CONVERSION = YES;
				CLANG_WARN_OBJC_IMPLICIT_RETAIN_SELF = YES;
				CLANG_WARN_OBJC_LITERAL_CONVERSION = YES;
				CLANG_WARN_OBJC_ROOT_CLASS = YES_ERROR;
				CLANG_WARN_QUOTED_INCLUDE_IN_FRAMEWORK_HEADER = YES;
				CLANG_WARN_RANGE_LOOP_ANALYSIS = YES;
				CLANG_WARN_STRICT_PROTOTYPES = YES;
				CLANG_WARN_SUSPICIOUS_MOVE = YES;
				CLANG_WARN_UNGUARDED_AVAILABILITY = YES_AGGRESSIVE;
				CLANG_WARN_UNREACHABLE_CODE = YES;
				CLANG_WARN__DUPLICATE_METHOD_MATCH = YES;
				COPY_PHASE_STRIP = NO;
				DEBUG_INFORMATION_FORMAT = "dwarf-with-dsym";
				ENABLE_NS_ASSERTIONS = NO;
				ENABLE_STRICT_OBJC_MSGSEND = YES;
				GCC_C_LANGUAGE_STANDARD = gnu11;
				GCC_NO_COMMON_BLOCKS = YES;
				GCC_WARN_64_TO_32_BIT_CONVERSION = YES;
				GCC_WARN_ABOUT_RETURN_TYPE = YES_ERROR;
				GCC_WARN_UNDECLARED_SELECTOR = YES;
				GCC_WARN_UNINITIALIZED_AUTOS = YES_AGGRESSIVE;
				GCC_WARN_UNUSED_FUNCTION = YES;
				GCC_WARN_UNUSED_VARIABLE = YES;
				IPHONEOS_DEPLOYMENT_TARGET = 15.0;
				MTL_ENABLE_DEBUG_INFO = NO;
				MTL_FAST_MATH = YES;
				SDKROOT = iphoneos;
				VALIDATE_PRODUCT = YES;
			};
			name = Release;
		};
		5022B5E72708777900B2F2FE /* Debug */ = {
			isa = XCBuildConfiguration;
			buildSettings = {
				ASSETCATALOG_COMPILER_APPICON_NAME = AppIcon;
				ASSETCATALOG_COMPILER_GLOBAL_ACCENT_COLOR_NAME = AccentColor;
				CODE_SIGN_STYLE = Automatic;
				CURRENT_PROJECT_VERSION = 1;
				GENERATE_INFOPLIST_FILE = YES;
				INFOPLIST_FILE = MyApp/Info.plist;
				INFOPLIST_KEY_UIApplicationSupportsIndirectInputEvents = YES;
				INFOPLIST_KEY_UILaunchStoryboardName = LaunchScreen;
				INFOPLIST_KEY_UIMainStoryboardFile = Main;
				INFOPLIST_KEY_UISupportedInterfaceOrientations_iPad = "UIInterfaceOrientationPortrait UIInterfaceOrientationPortraitUpsideDown UIInterfaceOrientationLandscapeLeft UIInterfaceOrientationLandscapeRight";
				INFOPLIST_KEY_UISupportedInterfaceOrientations_iPhone = "UIInterfaceOrientationPortrait UIInterfaceOrientationLandscapeLeft UIInterfaceOrientationLandscapeRight";
				INFOPLIST_KEY_UISupportsDocumentBrowser = YES;
				LD_RUNPATH_SEARCH_PATHS = (
					"$(inherited)",
					"@executable_path/Frameworks",
				);
				MARKETING_VERSION = 1.0;
				PRODUCT_BUNDLE_IDENTIFIER = com.example.MyApp;
				PRODUCT_NAME = "$(TARGET_NAME)";
				SWIFT_EMIT_LOC_STRINGS = YES;
				TARGETED_DEVICE_FAMILY = "1,2";
			};
			name = Debug;
		};
		5022B5E82708777900B2F2FE /* Release */ = {
			isa = XCBuildConfiguration;
			buildSettings = {
				ASSETCATALOG_COMPILER_APPICON_NAME = AppIcon;
				ASSETCATALOG_COMPILER_GLOBAL_ACCENT_COLOR_NAME = AccentColor;
				CODE_SIGN_STYLE = Automatic;
				CURRENT_PROJECT_VERSION = 1;
				GENERATE_INFOPLIST_FILE = YES;
				INFOPLIST_FILE = MyApp/Info.plist;
				INFOPLIST_KEY_UIApplicationSupportsIndirectInputEvents = YES;
				INFOPLIST_KEY_UILaunchStoryboardName = LaunchScreen;
				INFOPLIST_KEY_UIMainStoryboardFile = Main;
				INFOPLIST_KEY_UISupportedInterfaceOrientations_iPad = "UIInterfaceOrientationPortrait UIInterfaceOrientationPortraitUpsideDown UIInterfaceOrientationLandscapeLeft UIInterfaceOrientationLandscapeRight";
				INFOPLIST_KEY_UISupportedInterfaceOrientations_iPhone = "UIInterfaceOrientationPortrait UIInterfaceOrientationLandscapeLeft UIInterfaceOrientationLandscapeRight";
				INFOPLIST_KEY_UISupportsDocumentBrowser = YES;
				LD_RUNPATH_SEARCH_PATHS = (
					"$(inherited)",
					"@executable_path/Frameworks",
				);
				MARKETING_VERSION = 1.0;
				PRODUCT_BUNDLE_IDENTIFIER = com.example.MyApp;
				PRODUCT_NAME = "$(TARGET_NAME)";
				SWIFT_EMIT_LOC_STRINGS = YES;
				TARGETED_DEVICE_FAMILY = "1,2";
			};
			name = Release;
		};
		5022B5EA2708777900B2F2FE /* Debug */ = {
			isa = XCBuildConfiguration;
			buildSettings = {
				BUNDLE_LOADER = "$(TEST_HOST)";
				CODE_SIGN_STYLE = Automatic;
				CURRENT_PROJECT_VERSION = 1;
				GENERATE_INFOPLIST_FILE = YES;
				IPHONEOS_DEPLOYMENT_TARGET = 15.0;
				LD_RUNPATH_SEARCH_PATHS = (
					"$(inherited)",
					"@executable_path/Frameworks",
					"@loader_path/Frameworks",
				);
				MARKETING_VERSION = 1.0;
				PRODUCT_BUNDLE_IDENTIFIER = com.example.MyAppTests;
				PRODUCT_NAME = "$(TARGET_NAME)";
				SWIFT_EMIT_LOC_STRINGS = NO;
				TARGETED_DEVICE_FAMILY = "1,2";
				TEST_HOST = "$(BUILT_PRODUCTS_DIR)/MyApp.app/MyApp";
			};
			name = Debug;
		};
		5022B5EB2708777900B2F2FE /* Release */ = {
			isa = XCBuildConfiguration;
			buildSettings = {
				BUNDLE_LOADER = "$(TEST_HOST)";
				CODE_SIGN_STYLE = Automatic;
				CURRENT_PROJECT_VERSION = 1;
				GENERATE_INFOPLIST_FILE = YES;
				IPHONEOS_DEPLOYMENT_TARGET = 15.0;
				LD_RUNPATH_SEARCH_PATHS = (
					"$(inherited)",
					"@executable_path/Frameworks",
					"@loader_path/Frameworks",
				);
				MARKETING_VERSION = 1.0;
				PRODUCT_BUNDLE_IDENTIFIER = com.example.MyAppTests;
				PRODUCT_NAME = "$(TARGET_NAME)";
				SWIFT_EMIT_LOC_STRINGS = NO;
				TARGETED_DEVICE_FAMILY = "1,2";
				TEST_HOST = "$(BUILT_PRODUCTS_DIR)/MyApp.app/MyApp";
			};
			name = Release;
		};
		5022B5ED2708777900B2F2FE /* Debug */ = {
			isa = XCBuildConfiguration;
			buildSettings = {
				CODE_SIGN_STYLE = Automatic;
				CURRENT_PROJECT_VERSION = 1;
				GENERATE_INFOPLIST_FILE = YES;
				LD_RUNPATH_SEARCH_PATHS = (
					"$(inherited)",
					"@executable_path/Frameworks",
					"@loader_path/Frameworks",
				);
				MARKETING_VERSION = 1.0;
				PRODUCT_BUNDLE_IDENTIFIER = com.example.MyAppUITests;
				PRODUCT_NAME = "$(TARGET_NAME)";
				SWIFT_EMIT_LOC_STRINGS = NO;
				TARGETED_DEVICE_FAMILY = "1,2";
				TEST_TARGET_NAME = MyApp;
			};
			name = Debug;
		};
		5022B5EE2708777900B2F2FE /* Release */ = {
			isa = XCBuildConfiguration;
			buildSettings = {
				CODE_SIGN_STYLE = Automatic;
				CURRENT_PROJECT_VERSION = 1;
				GENERATE_INFOPLIST_FILE = YES;
				LD_RUNPATH_SEARCH_PATHS = (
					"$(inherited)",
					"@executable_path/Frameworks",
					"@loader_path/Frameworks",
				);
				MARKETING_VERSION = 1.0;
				PRODUCT_BUNDLE_IDENTIFIER = com.example.MyAppUITests;
				PRODUCT_NAME = "$(TARGET_NAME)";
				SWIFT_EMIT_LOC_STRINGS = NO;
				TARGETED_DEVICE_FAMILY = "1,2";
				TEST_TARGET_NAME = MyApp;
			};
			name = Release;
		};
/* End XCBuildConfiguration section */

/* Begin XCConfigurationList section */
		5022B5AF2708777600B2F2FE /* Build configuration list for PBXProject "MyApp" */ = {
			isa = XCConfigurationList;
			buildConfigurations = (
				5022B5E42708777900B2F2FE /* Debug */,
				5022B5E52708777900B2F2FE /* Release */,
			);
			defaultConfigurationIsVisible = 0;
			defaultConfigurationName = Release;
		};
		5022B5E62708777900B2F2FE /* Build configuration list for PBXNativeTarget "MyApp" */ = {
			isa = XCConfigurationList;
			buildConfigurations = (
				5022B5E72708777900B2F2FE /* Debug */,
				5022B5E82708777900B2F2FE /* Release */,
			);
			defaultConfigurationIsVisible = 0;
			defaultConfigurationName = Release;
		};
		5022B5E92708777900B2F2FE /* Build configuration list for PBXNativeTarget "MyAppTests" */ = {
			isa = XCConfigurationList;
			buildConfigurations = (
				5022B5EA2708777900B2F2FE /* Debug */,
				5022B5EB2708777900B2F2FE /* Release */,
			);
			defaultConfigurationIsVisible = 0;
			defaultConfigurationName = Release;
		};
		5022B5EC2708777900B2F2FE /* Build configuration list for PBXNativeTarget "MyAppUITests" */ = {
			isa = XCConfigurationList;
			buildConfigurations = (
				5022B5ED2708777900B2F2FE /* Debug */,
				5022B5EE2708777900B2F2FE /* Release */,
			);
			defaultConfigurationIsVisible = 0;
			defaultConfigurationName = Release;
		};
/* End XCConfigurationList section */
	};
	rootObject = 5022B5AC2708777600B2F2FE /* Project object */;
}
